
Microsoft Visual Studio Solution File, Format Version 12.00
# Visual Studio 14
VisualStudioVersion = 14.0.25420.1
MinimumVisualStudioVersion = 10.0.40219.1
Project("{FAE04EC0-301F-11D3-BF4B-00C04F79EFBC}") = "SpaceServer", "LOLServer\SpaceServer.csproj", "{87F2C19F-FE27-495F-B99B-17A9B0048995}"
EndProject
Project("{FAE04EC0-301F-11D3-BF4B-00C04F79EFBC}") = "NetFrame", "NetFrame\NetFrame.csproj", "{E5C2883A-AC94-44EC-B56B-CA2DB2D70646}"
EndProject
Project("{FAE04EC0-301F-11D3-BF4B-00C04F79EFBC}") = "Protocol", "Protocol\Protocol.csproj", "{D6997517-29B4-4601-AADD-400D1D540E48}"
EndProject
Global
	GlobalSection(SolutionConfigurationPlatforms) = preSolution
		Debug|Any CPU = Debug|Any CPU
		Release|Any CPU = Release|Any CPU
	EndGlobalSection
	GlobalSection(ProjectConfigurationPlatforms) = postSolution
		{87F2C19F-FE27-495F-B99B-17A9B0048995}.Debug|Any CPU.ActiveCfg = Debug|Any CPU
		{87F2C19F-FE27-495F-B99B-17A9B0048995}.Debug|Any CPU.Build.0 = Debug|Any CPU
		{87F2C19F-FE27-495F-B99B-17A9B0048995}.Release|Any CPU.ActiveCfg = Release|Any CPU
		{87F2C19F-FE27-495F-B99B-17A9B0048995}.Release|Any CPU.Build.0 = Release|Any CPU
		{E5C2883A-AC94-44EC-B56B-CA2DB2D70646}.Debug|Any CPU.ActiveCfg = Debug|Any CPU
		{E5C2883A-AC94-44EC-B56B-CA2DB2D70646}.Debug|Any CPU.Build.0 = Debug|Any CPU
		{E5C2883A-AC94-44EC-B56B-CA2DB2D70646}.Release|Any CPU.ActiveCfg = Release|Any CPU
		{E5C2883A-AC94-44EC-B56B-CA2DB2D70646}.Release|Any CPU.Build.0 = Release|Any CPU
		{D6997517-29B4-4601-AADD-400D1D540E48}.Debug|Any CPU.ActiveCfg = Debug|Any CPU
		{D6997517-29B4-4601-AADD-400D1D540E48}.Debug|Any CPU.Build.0 = Debug|Any CPU
		{D6997517-29B4-4601-AADD-400D1D540E48}.Release|Any CPU.ActiveCfg = Release|Any CPU
		{D6997517-29B4-4601-AADD-400D1D540E48}.Release|Any CPU.Build.0 = Release|Any CPU
	EndGlobalSection
	GlobalSection(SolutionProperties) = preSolution
		HideSolutionNode = FALSE
	EndGlobalSection
EndGlobal
